
Microsoft Visual Studio Solution File, Format Version 12.00
# Visual Studio Version 16
VisualStudioVersion = 16.0.33423.256
MinimumVisualStudioVersion = 10.0.40219.1
Project("{FAE04EC0-301F-11D3-BF4B-00C04F79EFBC}") = "rat", "rat\rat.csproj", "{F88C940D-C08F-416D-ACC9-5F1BC89C39EF}"
EndProject
Global
	GlobalSection(SolutionConfigurationPlatforms) = preSolution
		Debug|Any CPU = Debug|Any CPU
		Release|Any CPU = Release|Any CPU
	EndGlobalSection
	GlobalSection(ProjectConfigurationPlatforms) = postSolution
		{F88C940D-C08F-416D-ACC9-5F1BC89C39EF}.Debug|Any CPU.ActiveCfg = Debug|Any CPU
		{F88C940D-C08F-416D-ACC9-5F1BC89C39EF}.Debug|Any CPU.Build.0 = Debug|Any CPU
		{F88C940D-C08F-416D-ACC9-5F1BC89C39EF}.Release|Any CPU.ActiveCfg = Release|Any CPU
		{F88C940D-C08F-416D-ACC9-5F1BC89C39EF}.Release|Any CPU.Build.0 = Release|Any CPU
	EndGlobalSection
	GlobalSection(SolutionProperties) = preSolution
		HideSolutionNode = FALSE
	EndGlobalSection
	GlobalSection(ExtensibilityGlobals) = postSolution
		SolutionGuid = {E90B2973-5A78-4DA4-B91D-93E88ECE3AFF}
	EndGlobalSection
EndGlobal
